{
  "requires": true,
  "lockfileVersion": 1,
  "dependencies": {
    "serverless-plugin-tracing": {
      "version": "2.0.0",
      "resolved": "https://registry.npmjs.org/serverless-plugin-tracing/-/serverless-plugin-tracing-2.0.0.tgz",
      "integrity": "sha1-32uLMWasm7cKN8f8h1AUsjaRWPY=",
      "dev": true
    }
  }
}
